// !$*UTF8*$!
{
	archiveVersion = 1;
	classes = {
	};
	objectVersion = 50;
	objects = {

/* Begin PBXBuildFile section */
		D2F2D0092357711100CEFE80 /* AppDelegate.swift in Sources */ = {isa = PBXBuildFile; fileRef = D2F2D0082357711100CEFE80 /* AppDelegate.swift */; };
		D2F2D00B2357711100CEFE80 /* ViewController.swift in Sources */ = {isa = PBXBuildFile; fileRef = D2F2D00A2357711100CEFE80 /* ViewController.swift */; };
		D2F2D00E2357711100CEFE80 /* Main.storyboard in Resources */ = {isa = PBXBuildFile; fileRef = D2F2D00C2357711100CEFE80 /* Main.storyboard */; };
		D2F2D0102357711200CEFE80 /* Assets.xcassets in Resources */ = {isa = PBXBuildFile; fileRef = D2F2D00F2357711200CEFE80 /* Assets.xcassets */; };
		D2F2D0132357711200CEFE80 /* LaunchScreen.storyboard in Resources */ = {isa = PBXBuildFile; fileRef = D2F2D0112357711200CEFE80 /* LaunchScreen.storyboard */; };
		D2F2D01E2357711200CEFE80 /* PizzaPickerTests.swift in Sources */ = {isa = PBXBuildFile; fileRef = D2F2D01D2357711200CEFE80 /* PizzaPickerTests.swift */; };
		D2F2D0292357711200CEFE80 /* PizzaPickerUITests.swift in Sources */ = {isa = PBXBuildFile; fileRef = D2F2D0282357711200CEFE80 /* PizzaPickerUITests.swift */; };
/* End PBXBuildFile section */

/* Begin PBXContainerItemProxy section */
		D2F2D01A2357711200CEFE80 /* PBXContainerItemProxy */ = {
			isa = PBXContainerItemProxy;
			containerPortal = D2F2CFFD2357711100CEFE80 /* Project object */;
			proxyType = 1;
			remoteGlobalIDString = D2F2D0042357711100CEFE80;
			remoteInfo = PizzaPicker;
		};
		D2F2D0252357711200CEFE80 /* PBXContainerItemProxy */ = {
			isa = PBXContainerItemProxy;
			containerPortal = D2F2CFFD2357711100CEFE80 /* Project object */;
			proxyType = 1;
			remoteGlobalIDString = D2F2D0042357711100CEFE80;
			remoteInfo = PizzaPicker;
		};
/* End PBXContainerItemProxy section */

/* Begin PBXFileReference section */
		D2F2D0052357711100CEFE80 /* PizzaPicker.app */ = {isa = PBXFileReference; explicitFileType = wrapper.application; includeInIndex = 0; path = PizzaPicker.app; sourceTree = BUILT_PRODUCTS_DIR; };
		D2F2D0082357711100CEFE80 /* AppDelegate.swift */ = {isa = PBXFileReference; lastKnownFileType = sourcecode.swift; path = AppDelegate.swift; sourceTree = "<group>"; };
		D2F2D00A2357711100CEFE80 /* ViewController.swift */ = {isa = PBXFileReference; lastKnownFileType = sourcecode.swift; path = ViewController.swift; sourceTree = "<group>"; };
		D2F2D00D2357711100CEFE80 /* Base */ = {isa = PBXFileReference; lastKnownFileType = file.storyboard; name = Base; path = Base.lproj/Main.storyboard; sourceTree = "<group>"; };
		D2F2D00F2357711200CEFE80 /* Assets.xcassets */ = {isa = PBXFileReference; lastKnownFileType = folder.assetcatalog; path = Assets.xcassets; sourceTree = "<group>"; };
		D2F2D0122357711200CEFE80 /* Base */ = {isa = PBXFileReference; lastKnownFileType = file.storyboard; name = Base; path = Base.lproj/LaunchScreen.storyboard; sourceTree = "<group>"; };
		D2F2D0142357711200CEFE80 /* Info.plist */ = {isa = PBXFileReference; lastKnownFileType = text.plist.xml; path = Info.plist; sourceTree = "<group>"; };
		D2F2D0192357711200CEFE80 /* PizzaPickerTests.xctest */ = {isa = PBXFileReference; explicitFileType = wrapper.cfbundle; includeInIndex = 0; path = PizzaPickerTests.xctest; sourceTree = BUILT_PRODUCTS_DIR; };
		D2F2D01D2357711200CEFE80 /* PizzaPickerTests.swift */ = {isa = PBXFileReference; lastKnownFileType = sourcecode.swift; path = PizzaPickerTests.swift; sourceTree = "<group>"; };
		D2F2D01F2357711200CEFE80 /* Info.plist */ = {isa = PBXFileReference; lastKnownFileType = text.plist.xml; path = Info.plist; sourceTree = "<group>"; };
		D2F2D0242357711200CEFE80 /* PizzaPickerUITests.xctest */ = {isa = PBXFileReference; explicitFileType = wrapper.cfbundle; includeInIndex = 0; path = PizzaPickerUITests.xctest; sourceTree = BUILT_PRODUCTS_DIR; };
		D2F2D0282357711200CEFE80 /* PizzaPickerUITests.swift */ = {isa = PBXFileReference; lastKnownFileType = sourcecode.swift; path = PizzaPickerUITests.swift; sourceTree = "<group>"; };
		D2F2D02A2357711200CEFE80 /* Info.plist */ = {isa = PBXFileReference; lastKnownFileType = text.plist.xml; path = Info.plist; sourceTree = "<group>"; };
/* End PBXFileReference section */

/* Begin PBXFrameworksBuildPhase section */
		D2F2D0022357711100CEFE80 /* Frameworks */ = {
			isa = PBXFrameworksBuildPhase;
			buildActionMask = 2147483647;
			files = (
			);
			runOnlyForDeploymentPostprocessing = 0;
		};
		D2F2D0162357711200CEFE80 /* Frameworks */ = {
			isa = PBXFrameworksBuildPhase;
			buildActionMask = 2147483647;
			files = (
			);
			runOnlyForDeploymentPostprocessing = 0;
		};
		D2F2D0212357711200CEFE80 /* Frameworks */ = {
			isa = PBXFrameworksBuildPhase;
			buildActionMask = 2147483647;
			files = (
			);
			runOnlyForDeploymentPostprocessing = 0;
		};
/* End PBXFrameworksBuildPhase section */

/* Begin PBXGroup section */
		D2F2CFFC2357711100CEFE80 = {
			isa = PBXGroup;
			children = (
				D2F2D0072357711100CEFE80 /* PizzaPicker */,
				D2F2D01C2357711200CEFE80 /* PizzaPickerTests */,
				D2F2D0272357711200CEFE80 /* PizzaPickerUITests */,
				D2F2D0062357711100CEFE80 /* Products */,
			);
			sourceTree = "<group>";
		};
		D2F2D0062357711100CEFE80 /* Products */ = {
			isa = PBXGroup;
			children = (
				D2F2D0052357711100CEFE80 /* PizzaPicker.app */,
				D2F2D0192357711200CEFE80 /* PizzaPickerTests.xctest */,
				D2F2D0242357711200CEFE80 /* PizzaPickerUITests.xctest */,
			);
			name = Products;
			sourceTree = "<group>";
		};
		D2F2D0072357711100CEFE80 /* PizzaPicker */ = {
			isa = PBXGroup;
			children = (
				D2F2D0082357711100CEFE80 /* AppDelegate.swift */,
				D2F2D00A2357711100CEFE80 /* ViewController.swift */,
				D2F2D00C2357711100CEFE80 /* Main.storyboard */,
				D2F2D00F2357711200CEFE80 /* Assets.xcassets */,
				D2F2D0112357711200CEFE80 /* LaunchScreen.storyboard */,
				D2F2D0142357711200CEFE80 /* Info.plist */,
			);
			path = PizzaPicker;
			sourceTree = "<group>";
		};
		D2F2D01C2357711200CEFE80 /* PizzaPickerTests */ = {
			isa = PBXGroup;
			children = (
				D2F2D01D2357711200CEFE80 /* PizzaPickerTests.swift */,
				D2F2D01F2357711200CEFE80 /* Info.plist */,
			);
			path = PizzaPickerTests;
			sourceTree = "<group>";
		};
		D2F2D0272357711200CEFE80 /* PizzaPickerUITests */ = {
			isa = PBXGroup;
			children = (
				D2F2D0282357711200CEFE80 /* PizzaPickerUITests.swift */,
				D2F2D02A2357711200CEFE80 /* Info.plist */,
			);
			path = PizzaPickerUITests;
			sourceTree = "<group>";
		};
/* End PBXGroup section */

/* Begin PBXNativeTarget section */
		D2F2D0042357711100CEFE80 /* PizzaPicker */ = {
			isa = PBXNativeTarget;
			buildConfigurationList = D2F2D02D2357711200CEFE80 /* Build configuration list for PBXNativeTarget "PizzaPicker" */;
			buildPhases = (
				D2F2D0012357711100CEFE80 /* Sources */,
				D2F2D0022357711100CEFE80 /* Frameworks */,
				D2F2D0032357711100CEFE80 /* Resources */,
			);
			buildRules = (
			);
			dependencies = (
			);
			name = PizzaPicker;
			productName = PizzaPicker;
			productReference = D2F2D0052357711100CEFE80 /* PizzaPicker.app */;
			productType = "com.apple.product-type.application";
		};
		D2F2D0182357711200CEFE80 /* PizzaPickerTests */ = {
			isa = PBXNativeTarget;
			buildConfigurationList = D2F2D0302357711200CEFE80 /* Build configuration list for PBXNativeTarget "PizzaPickerTests" */;
			buildPhases = (
				D2F2D0152357711200CEFE80 /* Sources */,
				D2F2D0162357711200CEFE80 /* Frameworks */,
				D2F2D0172357711200CEFE80 /* Resources */,
			);
			buildRules = (
			);
			dependencies = (
				D2F2D01B2357711200CEFE80 /* PBXTargetDependency */,
			);
			name = PizzaPickerTests;
			productName = PizzaPickerTests;
			productReference = D2F2D0192357711200CEFE80 /* PizzaPickerTests.xctest */;
			productType = "com.apple.product-type.bundle.unit-test";
		};
		D2F2D0232357711200CEFE80 /* PizzaPickerUITests */ = {
			isa = PBXNativeTarget;
			buildConfigurationList = D2F2D0332357711200CEFE80 /* Build configuration list for PBXNativeTarget "PizzaPickerUITests" */;
			buildPhases = (
				D2F2D0202357711200CEFE80 /* Sources */,
				D2F2D0212357711200CEFE80 /* Frameworks */,
				D2F2D0222357711200CEFE80 /* Resources */,
			);
			buildRules = (
			);
			dependencies = (
				D2F2D0262357711200CEFE80 /* PBXTargetDependency */,
			);
			name = PizzaPickerUITests;
			productName = PizzaPickerUITests;
			productReference = D2F2D0242357711200CEFE80 /* PizzaPickerUITests.xctest */;
			productType = "com.apple.product-type.bundle.ui-testing";
		};
/* End PBXNativeTarget section */

/* Begin PBXProject section */
		D2F2CFFD2357711100CEFE80 /* Project object */ = {
			isa = PBXProject;
			attributes = {
				LastSwiftUpdateCheck = 1030;
				LastUpgradeCheck = 1030;
				ORGANIZATIONNAME = "Kadin Mesriani";
				TargetAttributes = {
					D2F2D0042357711100CEFE80 = {
						CreatedOnToolsVersion = 10.3;
					};
					D2F2D0182357711200CEFE80 = {
						CreatedOnToolsVersion = 10.3;
						TestTargetID = D2F2D0042357711100CEFE80;
					};
					D2F2D0232357711200CEFE80 = {
						CreatedOnToolsVersion = 10.3;
						TestTargetID = D2F2D0042357711100CEFE80;
					};
				};
			};
			buildConfigurationList = D2F2D0002357711100CEFE80 /* Build configuration list for PBXProject "PizzaPicker" */;
			compatibilityVersion = "Xcode 9.3";
			developmentRegion = en;
			hasScannedForEncodings = 0;
			knownRegions = (
				en,
				Base,
			);
			mainGroup = D2F2CFFC2357711100CEFE80;
			productRefGroup = D2F2D0062357711100CEFE80 /* Products */;
			projectDirPath = "";
			projectRoot = "";
			targets = (
				D2F2D0042357711100CEFE80 /* PizzaPicker */,
				D2F2D0182357711200CEFE80 /* PizzaPickerTests */,
				D2F2D0232357711200CEFE80 /* PizzaPickerUITests */,
			);
		};
/* End PBXProject section */

/* Begin PBXResourcesBuildPhase section */
		D2F2D0032357711100CEFE80 /* Resources */ = {
			isa = PBXResourcesBuildPhase;
			buildActionMask = 2147483647;
			files = (
				D2F2D0132357711200CEFE80 /* LaunchScreen.storyboard in Resources */,
				D2F2D0102357711200CEFE80 /* Assets.xcassets in Resources */,
				D2F2D00E2357711100CEFE80 /* Main.storyboard in Resources */,
			);
			runOnlyForDeploymentPostprocessing = 0;
		};
		D2F2D0172357711200CEFE80 /* Resources */ = {
			isa = PBXResourcesBuildPhase;
			buildActionMask = 2147483647;
			files = (
			);
			runOnlyForDeploymentPostprocessing = 0;
		};
		D2F2D0222357711200CEFE80 /* Resources */ = {
			isa = PBXResourcesBuildPhase;
			buildActionMask = 2147483647;
			files = (
			);
			runOnlyForDeploymentPostprocessing = 0;
		};
/* End PBXResourcesBuildPhase section */

/* Begin PBXSourcesBuildPhase section */
		D2F2D0012357711100CEFE80 /* Sources */ = {
			isa = PBXSourcesBuildPhase;
			buildActionMask = 2147483647;
			files = (
				D2F2D00B2357711100CEFE80 /* ViewController.swift in Sources */,
				D2F2D0092357711100CEFE80 /* AppDelegate.swift in Sources */,
			);
			runOnlyForDeploymentPostprocessing = 0;
		};
		D2F2D0152357711200CEFE80 /* Sources */ = {
			isa = PBXSourcesBuildPhase;
			buildActionMask = 2147483647;
			files = (
				D2F2D01E2357711200CEFE80 /* PizzaPickerTests.swift in Sources */,
			);
			runOnlyForDeploymentPostprocessing = 0;
		};
		D2F2D0202357711200CEFE80 /* Sources */ = {
			isa = PBXSourcesBuildPhase;
			buildActionMask = 2147483647;
			files = (
				D2F2D0292357711200CEFE80 /* PizzaPickerUITests.swift in Sources */,
			);
			runOnlyForDeploymentPostprocessing = 0;
		};
/* End PBXSourcesBuildPhase section */

/* Begin PBXTargetDependency section */
		D2F2D01B2357711200CEFE80 /* PBXTargetDependency */ = {
			isa = PBXTargetDependency;
			target = D2F2D0042357711100CEFE80 /* PizzaPicker */;
			targetProxy = D2F2D01A2357711200CEFE80 /* PBXContainerItemProxy */;
		};
		D2F2D0262357711200CEFE80 /* PBXTargetDependency */ = {
			isa = PBXTargetDependency;
			target = D2F2D0042357711100CEFE80 /* PizzaPicker */;
			targetProxy = D2F2D0252357711200CEFE80 /* PBXContainerItemProxy */;
		};
/* End PBXTargetDependency section */

/* Begin PBXVariantGroup section */
		D2F2D00C2357711100CEFE80 /* Main.storyboard */ = {
			isa = PBXVariantGroup;
			children = (
				D2F2D00D2357711100CEFE80 /* Base */,
			);
			name = Main.storyboard;
			sourceTree = "<group>";
		};
		D2F2D0112357711200CEFE80 /* LaunchScreen.storyboard */ = {
			isa = PBXVariantGroup;
			children = (
				D2F2D0122357711200CEFE80 /* Base */,
			);
			name = LaunchScreen.storyboard;
			sourceTree = "<group>";
		};
/* End PBXVariantGroup section */

/* Begin XCBuildConfiguration section */
		D2F2D02B2357711200CEFE80 /* Debug */ = {
			isa = XCBuildConfiguration;
			buildSettings = {
				ALWAYS_SEARCH_USER_PATHS = NO;
				CLANG_ANALYZER_NONNULL = YES;
				CLANG_ANALYZER_NUMBER_OBJECT_CONVERSION = YES_AGGRESSIVE;
				CLANG_CXX_LANGUAGE_STANDARD = "gnu++14";
				CLANG_CXX_LIBRARY = "libc++";
				CLANG_ENABLE_MODULES = YES;
				CLANG_ENABLE_OBJC_ARC = YES;
				CLANG_ENABLE_OBJC_WEAK = YES;
				CLANG_WARN_BLOCK_CAPTURE_AUTORELEASING = YES;
				CLANG_WARN_BOOL_CONVERSION = YES;
				CLANG_WARN_COMMA = YES;
				CLANG_WARN_CONSTANT_CONVERSION = YES;
				CLANG_WARN_DEPRECATED_OBJC_IMPLEMENTATIONS = YES;
				CLANG_WARN_DIRECT_OBJC_ISA_USAGE = YES_ERROR;
				CLANG_WARN_DOCUMENTATION_COMMENTS = YES;
				CLANG_WARN_EMPTY_BODY = YES;
				CLANG_WARN_ENUM_CONVERSION = YES;
				CLANG_WARN_INFINITE_RECURSION = YES;
				CLANG_WARN_INT_CONVERSION = YES;
				CLANG_WARN_NON_LITERAL_NULL_CONVERSION = YES;
				CLANG_WARN_OBJC_IMPLICIT_RETAIN_SELF = YES;
				CLANG_WARN_OBJC_LITERAL_CONVERSION = YES;
				CLANG_WARN_OBJC_ROOT_CLASS = YES_ERROR;
				CLANG_WARN_RANGE_LOOP_ANALYSIS = YES;
				CLANG_WARN_STRICT_PROTOTYPES = YES;
				CLANG_WARN_SUSPICIOUS_MOVE = YES;
				CLANG_WARN_UNGUARDED_AVAILABILITY = YES_AGGRESSIVE;
				CLANG_WARN_UNREACHABLE_CODE = YES;
				CLANG_WARN__DUPLICATE_METHOD_MATCH = YES;
				CODE_SIGN_IDENTITY = "iPhone Developer";
				COPY_PHASE_STRIP = NO;
				DEBUG_INFORMATION_FORMAT = dwarf;
				ENABLE_STRICT_OBJC_MSGSEND = YES;
				ENABLE_TESTABILITY = YES;
				GCC_C_LANGUAGE_STANDARD = gnu11;
				GCC_DYNAMIC_NO_PIC = NO;
				GCC_NO_COMMON_BLOCKS = YES;
				GCC_OPTIMIZATION_LEVEL = 0;
				GCC_PREPROCESSOR_DEFINITIONS = (
					"DEBUG=1",
					"$(inherited)",
				);
				GCC_WARN_64_TO_32_BIT_CONVERSION = YES;
				GCC_WARN_ABOUT_RETURN_TYPE = YES_ERROR;
				GCC_WARN_UNDECLARED_SELECTOR = YES;
				GCC_WARN_UNINITIALIZED_AUTOS = YES_AGGRESSIVE;
				GCC_WARN_UNUSED_FUNCTION = YES;
				GCC_WARN_UNUSED_VARIABLE = YES;
				IPHONEOS_DEPLOYMENT_TARGET = 12.4;
				MTL_ENABLE_DEBUG_INFO = INCLUDE_SOURCE;
				MTL_FAST_MATH = YES;
				ONLY_ACTIVE_ARCH = YES;
				SDKROOT = iphoneos;
				SWIFT_ACTIVE_COMPILATION_CONDITIONS = DEBUG;
				SWIFT_OPTIMIZATION_LEVEL = "-Onone";
			};
			name = Debug;
		};
		D2F2D02C2357711200CEFE80 /* Release */ = {
			isa = XCBuildConfiguration;
			buildSettings = {
				ALWAYS_SEARCH_USER_PATHS = NO;
				CLANG_ANALYZER_NONNULL = YES;
				CLANG_ANALYZER_NUMBER_OBJECT_CONVERSION = YES_AGGRESSIVE;
				CLANG_CXX_LANGUAGE_STANDARD = "gnu++14";
				CLANG_CXX_LIBRARY = "libc++";
				CLANG_ENABLE_MODULES = YES;
				CLANG_ENABLE_OBJC_ARC = YES;
				CLANG_ENABLE_OBJC_WEAK = YES;
				CLANG_WARN_BLOCK_CAPTURE_AUTORELEASING = YES;
				CLANG_WARN_BOOL_CONVERSION = YES;
				CLANG_WARN_COMMA = YES;
				CLANG_WARN_CONSTANT_CONVERSION = YES;
				CLANG_WARN_DEPRECATED_OBJC_IMPLEMENTATIONS = YES;
				CLANG_WARN_DIRECT_OBJC_ISA_USAGE = YES_ERROR;
				CLANG_WARN_DOCUMENTATION_COMMENTS = YES;
				CLANG_WARN_EMPTY_BODY = YES;
				CLANG_WARN_ENUM_CONVERSION = YES;
				CLANG_WARN_INFINITE_RECURSION = YES;
				CLANG_WARN_INT_CONVERSION = YES;
				CLANG_WARN_NON_LITERAL_NULL_CONVERSION = YES;
				CLANG_WARN_OBJC_IMPLICIT_RETAIN_SELF = YES;
				CLANG_WARN_OBJC_LITERAL_CONVERSION = YES;
				CLANG_WARN_OBJC_ROOT_CLASS = YES_ERROR;
				CLANG_WARN_RANGE_LOOP_ANALYSIS = YES;
				CLANG_WARN_STRICT_PROTOTYPES = YES;
				CLANG_WARN_SUSPICIOUS_MOVE = YES;
				CLANG_WARN_UNGUARDED_AVAILABILITY = YES_AGGRESSIVE;
				CLANG_WARN_UNREACHABLE_CODE = YES;
				CLANG_WARN__DUPLICATE_METHOD_MATCH = YES;
				CODE_SIGN_IDENTITY = "iPhone Developer";
				COPY_PHASE_STRIP = NO;
				DEBUG_INFORMATION_FORMAT = "dwarf-with-dsym";
				ENABLE_NS_ASSERTIONS = NO;
				ENABLE_STRICT_OBJC_MSGSEND = YES;
				GCC_C_LANGUAGE_STANDARD = gnu11;
				GCC_NO_COMMON_BLOCKS = YES;
				GCC_WARN_64_TO_32_BIT_CONVERSION = YES;
				GCC_WARN_ABOUT_RETURN_TYPE = YES_ERROR;
				GCC_WARN_UNDECLARED_SELECTOR = YES;
				GCC_WARN_UNINITIALIZED_AUTOS = YES_AGGRESSIVE;
				GCC_WARN_UNUSED_FUNCTION = YES;
				GCC_WARN_UNUSED_VARIABLE = YES;
				IPHONEOS_DEPLOYMENT_TARGET = 12.4;
				MTL_ENABLE_DEBUG_INFO = NO;
				MTL_FAST_MATH = YES;
				SDKROOT = iphoneos;
				SWIFT_COMPILATION_MODE = wholemodule;
				SWIFT_OPTIMIZATION_LEVEL = "-O";
				VALIDATE_PRODUCT = YES;
			};
			name = Release;
		};
		D2F2D02E2357711200CEFE80 /* Debug */ = {
			isa = XCBuildConfiguration;
			buildSettings = {
				ASSETCATALOG_COMPILER_APPICON_NAME = AppIcon;
				CODE_SIGN_STYLE = Automatic;
				INFOPLIST_FILE = PizzaPicker/Info.plist;
				LD_RUNPATH_SEARCH_PATHS = (
					"$(inherited)",
					"@executable_path/Frameworks",
				);
				PRODUCT_BUNDLE_IDENTIFIER = com.kadinmesriani.PizzaPicker;
				PRODUCT_NAME = "$(TARGET_NAME)";
				SWIFT_VERSION = 5.0;
				TARGETED_DEVICE_FAMILY = "1,2";
			};
			name = Debug;
		};
		D2F2D02F2357711200CEFE80 /* Release */ = {
			isa = XCBuildConfiguration;
			buildSettings = {
				ASSETCATALOG_COMPILER_APPICON_NAME = AppIcon;
				CODE_SIGN_STYLE = Automatic;
				INFOPLIST_FILE = PizzaPicker/Info.plist;
				LD_RUNPATH_SEARCH_PATHS = (
					"$(inherited)",
					"@executable_path/Frameworks",
				);
				PRODUCT_BUNDLE_IDENTIFIER = com.kadinmesriani.PizzaPicker;
				PRODUCT_NAME = "$(TARGET_NAME)";
				SWIFT_VERSION = 5.0;
				TARGETED_DEVICE_FAMILY = "1,2";
			};
			name = Release;
		};
		D2F2D0312357711200CEFE80 /* Debug */ = {
			isa = XCBuildConfiguration;
			buildSettings = {
				ALWAYS_EMBED_SWIFT_STANDARD_LIBRARIES = YES;
				BUNDLE_LOADER = "$(TEST_HOST)";
				CODE_SIGN_STYLE = Automatic;
				INFOPLIST_FILE = PizzaPickerTests/Info.plist;
				LD_RUNPATH_SEARCH_PATHS = (
					"$(inherited)",
					"@executable_path/Frameworks",
					"@loader_path/Frameworks",
				);
				PRODUCT_BUNDLE_IDENTIFIER = com.kadinmesriani.PizzaPickerTests;
				PRODUCT_NAME = "$(TARGET_NAME)";
				SWIFT_VERSION = 5.0;
				TARGETED_DEVICE_FAMILY = "1,2";
				TEST_HOST = "$(BUILT_PRODUCTS_DIR)/PizzaPicker.app/PizzaPicker";
			};
			name = Debug;
		};
		D2F2D0322357711200CEFE80 /* Release */ = {
			isa = XCBuildConfiguration;
			buildSettings = {
				ALWAYS_EMBED_SWIFT_STANDARD_LIBRARIES = YES;
				BUNDLE_LOADER = "$(TEST_HOST)";
				CODE_SIGN_STYLE = Automatic;
				INFOPLIST_FILE = PizzaPickerTests/Info.plist;
				LD_RUNPATH_SEARCH_PATHS = (
					"$(inherited)",
					"@executable_path/Frameworks",
					"@loader_path/Frameworks",
				);
				PRODUCT_BUNDLE_IDENTIFIER = com.kadinmesriani.PizzaPickerTests;
				PRODUCT_NAME = "$(TARGET_NAME)";
				SWIFT_VERSION = 5.0;
				TARGETED_DEVICE_FAMILY = "1,2";
				TEST_HOST = "$(BUILT_PRODUCTS_DIR)/PizzaPicker.app/PizzaPicker";
			};
			name = Release;
		};
		D2F2D0342357711200CEFE80 /* Debug */ = {
			isa = XCBuildConfiguration;
			buildSettings = {
				ALWAYS_EMBED_SWIFT_STANDARD_LIBRARIES = YES;
				CODE_SIGN_STYLE = Automatic;
				INFOPLIST_FILE = PizzaPickerUITests/Info.plist;
				LD_RUNPATH_SEARCH_PATHS = (
					"$(inherited)",
					"@executable_path/Frameworks",
					"@loader_path/Frameworks",
				);
				PRODUCT_BUNDLE_IDENTIFIER = com.kadinmesriani.PizzaPickerUITests;
				PRODUCT_NAME = "$(TARGET_NAME)";
				SWIFT_VERSION = 5.0;
				TARGETED_DEVICE_FAMILY = "1,2";
				TEST_TARGET_NAME = PizzaPicker;
			};
			name = Debug;
		};
		D2F2D0352357711200CEFE80 /* Release */ = {
			isa = XCBuildConfiguration;
			buildSettings = {
				ALWAYS_EMBED_SWIFT_STANDARD_LIBRARIES = YES;
				CODE_SIGN_STYLE = Automatic;
				INFOPLIST_FILE = PizzaPickerUITests/Info.plist;
				LD_RUNPATH_SEARCH_PATHS = (
					"$(inherited)",
					"@executable_path/Frameworks",
					"@loader_path/Frameworks",
				);
				PRODUCT_BUNDLE_IDENTIFIER = com.kadinmesriani.PizzaPickerUITests;
				PRODUCT_NAME = "$(TARGET_NAME)";
				SWIFT_VERSION = 5.0;
				TARGETED_DEVICE_FAMILY = "1,2";
				TEST_TARGET_NAME = PizzaPicker;
			};
			name = Release;
		};
/* End XCBuildConfiguration section */

/* Begin XCConfigurationList section */
		D2F2D0002357711100CEFE80 /* Build configuration list for PBXProject "PizzaPicker" */ = {
			isa = XCConfigurationList;
			buildConfigurations = (
				D2F2D02B2357711200CEFE80 /* Debug */,
				D2F2D02C2357711200CEFE80 /* Release */,
			);
			defaultConfigurationIsVisible = 0;
			defaultConfigurationName = Release;
		};
		D2F2D02D2357711200CEFE80 /* Build configuration list for PBXNativeTarget "PizzaPicker" */ = {
			isa = XCConfigurationList;
			buildConfigurations = (
				D2F2D02E2357711200CEFE80 /* Debug */,
				D2F2D02F2357711200CEFE80 /* Release */,
			);
			defaultConfigurationIsVisible = 0;
			defaultConfigurationName = Release;
		};
		D2F2D0302357711200CEFE80 /* Build configuration list for PBXNativeTarget "PizzaPickerTests" */ = {
			isa = XCConfigurationList;
			buildConfigurations = (
				D2F2D0312357711200CEFE80 /* Debug */,
				D2F2D0322357711200CEFE80 /* Release */,
			);
			defaultConfigurationIsVisible = 0;
			defaultConfigurationName = Release;
		};
		D2F2D0332357711200CEFE80 /* Build configuration list for PBXNativeTarget "PizzaPickerUITests" */ = {
			isa = XCConfigurationList;
			buildConfigurations = (
				D2F2D0342357711200CEFE80 /* Debug */,
				D2F2D0352357711200CEFE80 /* Release */,
			);
			defaultConfigurationIsVisible = 0;
			defaultConfigurationName = Release;
		};
/* End XCConfigurationList section */
	};
	rootObject = D2F2CFFD2357711100CEFE80 /* Project object */;
}
