// !$*UTF8*$!
{
	archiveVersion = 1;
	classes = {
	};
	objectVersion = 50;
	objects = {

/* Begin PBXBuildFile section */
		D2031D2124082FB600083F08 /* galleryViewController.swift in Sources */ = {isa = PBXBuildFile; fileRef = D2031D2024082FB600083F08 /* galleryViewController.swift */; };
		D2B0C8A52408292B0050B244 /* AppDelegate.swift in Sources */ = {isa = PBXBuildFile; fileRef = D2B0C8A42408292B0050B244 /* AppDelegate.swift */; };
		D2B0C8A72408292B0050B244 /* SceneDelegate.swift in Sources */ = {isa = PBXBuildFile; fileRef = D2B0C8A62408292B0050B244 /* SceneDelegate.swift */; };
		D2B0C8A92408292B0050B244 /* ViewController.swift in Sources */ = {isa = PBXBuildFile; fileRef = D2B0C8A82408292B0050B244 /* ViewController.swift */; };
		D2B0C8AC2408292B0050B244 /* Main.storyboard in Resources */ = {isa = PBXBuildFile; fileRef = D2B0C8AA2408292B0050B244 /* Main.storyboard */; };
		D2B0C8AE2408292C0050B244 /* Assets.xcassets in Resources */ = {isa = PBXBuildFile; fileRef = D2B0C8AD2408292C0050B244 /* Assets.xcassets */; };
		D2B0C8B12408292C0050B244 /* LaunchScreen.storyboard in Resources */ = {isa = PBXBuildFile; fileRef = D2B0C8AF2408292C0050B244 /* LaunchScreen.storyboard */; };
		D2B0C8BC2408292C0050B244 /* PhotoGalleryTests.swift in Sources */ = {isa = PBXBuildFile; fileRef = D2B0C8BB2408292C0050B244 /* PhotoGalleryTests.swift */; };
		D2B0C8C72408292C0050B244 /* PhotoGalleryUITests.swift in Sources */ = {isa = PBXBuildFile; fileRef = D2B0C8C62408292C0050B244 /* PhotoGalleryUITests.swift */; };
/* End PBXBuildFile section */

/* Begin PBXContainerItemProxy section */
		D2B0C8B82408292C0050B244 /* PBXContainerItemProxy */ = {
			isa = PBXContainerItemProxy;
			containerPortal = D2B0C8992408292B0050B244 /* Project object */;
			proxyType = 1;
			remoteGlobalIDString = D2B0C8A02408292B0050B244;
			remoteInfo = PhotoGallery;
		};
		D2B0C8C32408292C0050B244 /* PBXContainerItemProxy */ = {
			isa = PBXContainerItemProxy;
			containerPortal = D2B0C8992408292B0050B244 /* Project object */;
			proxyType = 1;
			remoteGlobalIDString = D2B0C8A02408292B0050B244;
			remoteInfo = PhotoGallery;
		};
/* End PBXContainerItemProxy section */

/* Begin PBXFileReference section */
		D2031D2024082FB600083F08 /* galleryViewController.swift */ = {isa = PBXFileReference; lastKnownFileType = sourcecode.swift; path = galleryViewController.swift; sourceTree = "<group>"; };
		D2B0C8A12408292B0050B244 /* PhotoGallery.app */ = {isa = PBXFileReference; explicitFileType = wrapper.application; includeInIndex = 0; path = PhotoGallery.app; sourceTree = BUILT_PRODUCTS_DIR; };
		D2B0C8A42408292B0050B244 /* AppDelegate.swift */ = {isa = PBXFileReference; lastKnownFileType = sourcecode.swift; path = AppDelegate.swift; sourceTree = "<group>"; };
		D2B0C8A62408292B0050B244 /* SceneDelegate.swift */ = {isa = PBXFileReference; lastKnownFileType = sourcecode.swift; path = SceneDelegate.swift; sourceTree = "<group>"; };
		D2B0C8A82408292B0050B244 /* ViewController.swift */ = {isa = PBXFileReference; lastKnownFileType = sourcecode.swift; path = ViewController.swift; sourceTree = "<group>"; };
		D2B0C8AB2408292B0050B244 /* Base */ = {isa = PBXFileReference; lastKnownFileType = file.storyboard; name = Base; path = Base.lproj/Main.storyboard; sourceTree = "<group>"; };
		D2B0C8AD2408292C0050B244 /* Assets.xcassets */ = {isa = PBXFileReference; lastKnownFileType = folder.assetcatalog; path = Assets.xcassets; sourceTree = "<group>"; };
		D2B0C8B02408292C0050B244 /* Base */ = {isa = PBXFileReference; lastKnownFileType = file.storyboard; name = Base; path = Base.lproj/LaunchScreen.storyboard; sourceTree = "<group>"; };
		D2B0C8B22408292C0050B244 /* Info.plist */ = {isa = PBXFileReference; lastKnownFileType = text.plist.xml; path = Info.plist; sourceTree = "<group>"; };
		D2B0C8B72408292C0050B244 /* PhotoGalleryTests.xctest */ = {isa = PBXFileReference; explicitFileType = wrapper.cfbundle; includeInIndex = 0; path = PhotoGalleryTests.xctest; sourceTree = BUILT_PRODUCTS_DIR; };
		D2B0C8BB2408292C0050B244 /* PhotoGalleryTests.swift */ = {isa = PBXFileReference; lastKnownFileType = sourcecode.swift; path = PhotoGalleryTests.swift; sourceTree = "<group>"; };
		D2B0C8BD2408292C0050B244 /* Info.plist */ = {isa = PBXFileReference; lastKnownFileType = text.plist.xml; path = Info.plist; sourceTree = "<group>"; };
		D2B0C8C22408292C0050B244 /* PhotoGalleryUITests.xctest */ = {isa = PBXFileReference; explicitFileType = wrapper.cfbundle; includeInIndex = 0; path = PhotoGalleryUITests.xctest; sourceTree = BUILT_PRODUCTS_DIR; };
		D2B0C8C62408292C0050B244 /* PhotoGalleryUITests.swift */ = {isa = PBXFileReference; lastKnownFileType = sourcecode.swift; path = PhotoGalleryUITests.swift; sourceTree = "<group>"; };
		D2B0C8C82408292C0050B244 /* Info.plist */ = {isa = PBXFileReference; lastKnownFileType = text.plist.xml; path = Info.plist; sourceTree = "<group>"; };
/* End PBXFileReference section */

/* Begin PBXFrameworksBuildPhase section */
		D2B0C89E2408292B0050B244 /* Frameworks */ = {
			isa = PBXFrameworksBuildPhase;
			buildActionMask = 2147483647;
			files = (
			);
			runOnlyForDeploymentPostprocessing = 0;
		};
		D2B0C8B42408292C0050B244 /* Frameworks */ = {
			isa = PBXFrameworksBuildPhase;
			buildActionMask = 2147483647;
			files = (
			);
			runOnlyForDeploymentPostprocessing = 0;
		};
		D2B0C8BF2408292C0050B244 /* Frameworks */ = {
			isa = PBXFrameworksBuildPhase;
			buildActionMask = 2147483647;
			files = (
			);
			runOnlyForDeploymentPostprocessing = 0;
		};
/* End PBXFrameworksBuildPhase section */

/* Begin PBXGroup section */
		D2B0C8982408292B0050B244 = {
			isa = PBXGroup;
			children = (
				D2B0C8A32408292B0050B244 /* PhotoGallery */,
				D2B0C8BA2408292C0050B244 /* PhotoGalleryTests */,
				D2B0C8C52408292C0050B244 /* PhotoGalleryUITests */,
				D2B0C8A22408292B0050B244 /* Products */,
			);
			sourceTree = "<group>";
		};
		D2B0C8A22408292B0050B244 /* Products */ = {
			isa = PBXGroup;
			children = (
				D2B0C8A12408292B0050B244 /* PhotoGallery.app */,
				D2B0C8B72408292C0050B244 /* PhotoGalleryTests.xctest */,
				D2B0C8C22408292C0050B244 /* PhotoGalleryUITests.xctest */,
			);
			name = Products;
			sourceTree = "<group>";
		};
		D2B0C8A32408292B0050B244 /* PhotoGallery */ = {
			isa = PBXGroup;
			children = (
				D2B0C8A42408292B0050B244 /* AppDelegate.swift */,
				D2B0C8A62408292B0050B244 /* SceneDelegate.swift */,
				D2B0C8A82408292B0050B244 /* ViewController.swift */,
				D2031D2024082FB600083F08 /* galleryViewController.swift */,
				D2B0C8AA2408292B0050B244 /* Main.storyboard */,
				D2B0C8AD2408292C0050B244 /* Assets.xcassets */,
				D2B0C8AF2408292C0050B244 /* LaunchScreen.storyboard */,
				D2B0C8B22408292C0050B244 /* Info.plist */,
			);
			path = PhotoGallery;
			sourceTree = "<group>";
		};
		D2B0C8BA2408292C0050B244 /* PhotoGalleryTests */ = {
			isa = PBXGroup;
			children = (
				D2B0C8BB2408292C0050B244 /* PhotoGalleryTests.swift */,
				D2B0C8BD2408292C0050B244 /* Info.plist */,
			);
			path = PhotoGalleryTests;
			sourceTree = "<group>";
		};
		D2B0C8C52408292C0050B244 /* PhotoGalleryUITests */ = {
			isa = PBXGroup;
			children = (
				D2B0C8C62408292C0050B244 /* PhotoGalleryUITests.swift */,
				D2B0C8C82408292C0050B244 /* Info.plist */,
			);
			path = PhotoGalleryUITests;
			sourceTree = "<group>";
		};
/* End PBXGroup section */

/* Begin PBXNativeTarget section */
		D2B0C8A02408292B0050B244 /* PhotoGallery */ = {
			isa = PBXNativeTarget;
			buildConfigurationList = D2B0C8CB2408292C0050B244 /* Build configuration list for PBXNativeTarget "PhotoGallery" */;
			buildPhases = (
				D2B0C89D2408292B0050B244 /* Sources */,
				D2B0C89E2408292B0050B244 /* Frameworks */,
				D2B0C89F2408292B0050B244 /* Resources */,
			);
			buildRules = (
			);
			dependencies = (
			);
			name = PhotoGallery;
			productName = PhotoGallery;
			productReference = D2B0C8A12408292B0050B244 /* PhotoGallery.app */;
			productType = "com.apple.product-type.application";
		};
		D2B0C8B62408292C0050B244 /* PhotoGalleryTests */ = {
			isa = PBXNativeTarget;
			buildConfigurationList = D2B0C8CE2408292C0050B244 /* Build configuration list for PBXNativeTarget "PhotoGalleryTests" */;
			buildPhases = (
				D2B0C8B32408292C0050B244 /* Sources */,
				D2B0C8B42408292C0050B244 /* Frameworks */,
				D2B0C8B52408292C0050B244 /* Resources */,
			);
			buildRules = (
			);
			dependencies = (
				D2B0C8B92408292C0050B244 /* PBXTargetDependency */,
			);
			name = PhotoGalleryTests;
			productName = PhotoGalleryTests;
			productReference = D2B0C8B72408292C0050B244 /* PhotoGalleryTests.xctest */;
			productType = "com.apple.product-type.bundle.unit-test";
		};
		D2B0C8C12408292C0050B244 /* PhotoGalleryUITests */ = {
			isa = PBXNativeTarget;
			buildConfigurationList = D2B0C8D12408292C0050B244 /* Build configuration list for PBXNativeTarget "PhotoGalleryUITests" */;
			buildPhases = (
				D2B0C8BE2408292C0050B244 /* Sources */,
				D2B0C8BF2408292C0050B244 /* Frameworks */,
				D2B0C8C02408292C0050B244 /* Resources */,
			);
			buildRules = (
			);
			dependencies = (
				D2B0C8C42408292C0050B244 /* PBXTargetDependency */,
			);
			name = PhotoGalleryUITests;
			productName = PhotoGalleryUITests;
			productReference = D2B0C8C22408292C0050B244 /* PhotoGalleryUITests.xctest */;
			productType = "com.apple.product-type.bundle.ui-testing";
		};
/* End PBXNativeTarget section */

/* Begin PBXProject section */
		D2B0C8992408292B0050B244 /* Project object */ = {
			isa = PBXProject;
			attributes = {
				LastSwiftUpdateCheck = 1130;
				LastUpgradeCheck = 1130;
				ORGANIZATIONNAME = "Kadin Mesriani";
				TargetAttributes = {
					D2B0C8A02408292B0050B244 = {
						CreatedOnToolsVersion = 11.3.1;
					};
					D2B0C8B62408292C0050B244 = {
						CreatedOnToolsVersion = 11.3.1;
						TestTargetID = D2B0C8A02408292B0050B244;
					};
					D2B0C8C12408292C0050B244 = {
						CreatedOnToolsVersion = 11.3.1;
						TestTargetID = D2B0C8A02408292B0050B244;
					};
				};
			};
			buildConfigurationList = D2B0C89C2408292B0050B244 /* Build configuration list for PBXProject "PhotoGallery" */;
			compatibilityVersion = "Xcode 9.3";
			developmentRegion = en;
			hasScannedForEncodings = 0;
			knownRegions = (
				en,
				Base,
			);
			mainGroup = D2B0C8982408292B0050B244;
			productRefGroup = D2B0C8A22408292B0050B244 /* Products */;
			projectDirPath = "";
			projectRoot = "";
			targets = (
				D2B0C8A02408292B0050B244 /* PhotoGallery */,
				D2B0C8B62408292C0050B244 /* PhotoGalleryTests */,
				D2B0C8C12408292C0050B244 /* PhotoGalleryUITests */,
			);
		};
/* End PBXProject section */

/* Begin PBXResourcesBuildPhase section */
		D2B0C89F2408292B0050B244 /* Resources */ = {
			isa = PBXResourcesBuildPhase;
			buildActionMask = 2147483647;
			files = (
				D2B0C8B12408292C0050B244 /* LaunchScreen.storyboard in Resources */,
				D2B0C8AE2408292C0050B244 /* Assets.xcassets in Resources */,
				D2B0C8AC2408292B0050B244 /* Main.storyboard in Resources */,
			);
			runOnlyForDeploymentPostprocessing = 0;
		};
		D2B0C8B52408292C0050B244 /* Resources */ = {
			isa = PBXResourcesBuildPhase;
			buildActionMask = 2147483647;
			files = (
			);
			runOnlyForDeploymentPostprocessing = 0;
		};
		D2B0C8C02408292C0050B244 /* Resources */ = {
			isa = PBXResourcesBuildPhase;
			buildActionMask = 2147483647;
			files = (
			);
			runOnlyForDeploymentPostprocessing = 0;
		};
/* End PBXResourcesBuildPhase section */

/* Begin PBXSourcesBuildPhase section */
		D2B0C89D2408292B0050B244 /* Sources */ = {
			isa = PBXSourcesBuildPhase;
			buildActionMask = 2147483647;
			files = (
				D2B0C8A92408292B0050B244 /* ViewController.swift in Sources */,
				D2031D2124082FB600083F08 /* galleryViewController.swift in Sources */,
				D2B0C8A52408292B0050B244 /* AppDelegate.swift in Sources */,
				D2B0C8A72408292B0050B244 /* SceneDelegate.swift in Sources */,
			);
			runOnlyForDeploymentPostprocessing = 0;
		};
		D2B0C8B32408292C0050B244 /* Sources */ = {
			isa = PBXSourcesBuildPhase;
			buildActionMask = 2147483647;
			files = (
				D2B0C8BC2408292C0050B244 /* PhotoGalleryTests.swift in Sources */,
			);
			runOnlyForDeploymentPostprocessing = 0;
		};
		D2B0C8BE2408292C0050B244 /* Sources */ = {
			isa = PBXSourcesBuildPhase;
			buildActionMask = 2147483647;
			files = (
				D2B0C8C72408292C0050B244 /* PhotoGalleryUITests.swift in Sources */,
			);
			runOnlyForDeploymentPostprocessing = 0;
		};
/* End PBXSourcesBuildPhase section */

/* Begin PBXTargetDependency section */
		D2B0C8B92408292C0050B244 /* PBXTargetDependency */ = {
			isa = PBXTargetDependency;
			target = D2B0C8A02408292B0050B244 /* PhotoGallery */;
			targetProxy = D2B0C8B82408292C0050B244 /* PBXContainerItemProxy */;
		};
		D2B0C8C42408292C0050B244 /* PBXTargetDependency */ = {
			isa = PBXTargetDependency;
			target = D2B0C8A02408292B0050B244 /* PhotoGallery */;
			targetProxy = D2B0C8C32408292C0050B244 /* PBXContainerItemProxy */;
		};
/* End PBXTargetDependency section */

/* Begin PBXVariantGroup section */
		D2B0C8AA2408292B0050B244 /* Main.storyboard */ = {
			isa = PBXVariantGroup;
			children = (
				D2B0C8AB2408292B0050B244 /* Base */,
			);
			name = Main.storyboard;
			sourceTree = "<group>";
		};
		D2B0C8AF2408292C0050B244 /* LaunchScreen.storyboard */ = {
			isa = PBXVariantGroup;
			children = (
				D2B0C8B02408292C0050B244 /* Base */,
			);
			name = LaunchScreen.storyboard;
			sourceTree = "<group>";
		};
/* End PBXVariantGroup section */

/* Begin XCBuildConfiguration section */
		D2B0C8C92408292C0050B244 /* Debug */ = {
			isa = XCBuildConfiguration;
			buildSettings = {
				ALWAYS_SEARCH_USER_PATHS = NO;
				CLANG_ANALYZER_NONNULL = YES;
				CLANG_ANALYZER_NUMBER_OBJECT_CONVERSION = YES_AGGRESSIVE;
				CLANG_CXX_LANGUAGE_STANDARD = "gnu++14";
				CLANG_CXX_LIBRARY = "libc++";
				CLANG_ENABLE_MODULES = YES;
				CLANG_ENABLE_OBJC_ARC = YES;
				CLANG_ENABLE_OBJC_WEAK = YES;
				CLANG_WARN_BLOCK_CAPTURE_AUTORELEASING = YES;
				CLANG_WARN_BOOL_CONVERSION = YES;
				CLANG_WARN_COMMA = YES;
				CLANG_WARN_CONSTANT_CONVERSION = YES;
				CLANG_WARN_DEPRECATED_OBJC_IMPLEMENTATIONS = YES;
				CLANG_WARN_DIRECT_OBJC_ISA_USAGE = YES_ERROR;
				CLANG_WARN_DOCUMENTATION_COMMENTS = YES;
				CLANG_WARN_EMPTY_BODY = YES;
				CLANG_WARN_ENUM_CONVERSION = YES;
				CLANG_WARN_INFINITE_RECURSION = YES;
				CLANG_WARN_INT_CONVERSION = YES;
				CLANG_WARN_NON_LITERAL_NULL_CONVERSION = YES;
				CLANG_WARN_OBJC_IMPLICIT_RETAIN_SELF = YES;
				CLANG_WARN_OBJC_LITERAL_CONVERSION = YES;
				CLANG_WARN_OBJC_ROOT_CLASS = YES_ERROR;
				CLANG_WARN_RANGE_LOOP_ANALYSIS = YES;
				CLANG_WARN_STRICT_PROTOTYPES = YES;
				CLANG_WARN_SUSPICIOUS_MOVE = YES;
				CLANG_WARN_UNGUARDED_AVAILABILITY = YES_AGGRESSIVE;
				CLANG_WARN_UNREACHABLE_CODE = YES;
				CLANG_WARN__DUPLICATE_METHOD_MATCH = YES;
				COPY_PHASE_STRIP = NO;
				DEBUG_INFORMATION_FORMAT = dwarf;
				ENABLE_STRICT_OBJC_MSGSEND = YES;
				ENABLE_TESTABILITY = YES;
				GCC_C_LANGUAGE_STANDARD = gnu11;
				GCC_DYNAMIC_NO_PIC = NO;
				GCC_NO_COMMON_BLOCKS = YES;
				GCC_OPTIMIZATION_LEVEL = 0;
				GCC_PREPROCESSOR_DEFINITIONS = (
					"DEBUG=1",
					"$(inherited)",
				);
				GCC_WARN_64_TO_32_BIT_CONVERSION = YES;
				GCC_WARN_ABOUT_RETURN_TYPE = YES_ERROR;
				GCC_WARN_UNDECLARED_SELECTOR = YES;
				GCC_WARN_UNINITIALIZED_AUTOS = YES_AGGRESSIVE;
				GCC_WARN_UNUSED_FUNCTION = YES;
				GCC_WARN_UNUSED_VARIABLE = YES;
				IPHONEOS_DEPLOYMENT_TARGET = 13.2;
				MTL_ENABLE_DEBUG_INFO = INCLUDE_SOURCE;
				MTL_FAST_MATH = YES;
				ONLY_ACTIVE_ARCH = YES;
				SDKROOT = iphoneos;
				SWIFT_ACTIVE_COMPILATION_CONDITIONS = DEBUG;
				SWIFT_OPTIMIZATION_LEVEL = "-Onone";
			};
			name = Debug;
		};
		D2B0C8CA2408292C0050B244 /* Release */ = {
			isa = XCBuildConfiguration;
			buildSettings = {
				ALWAYS_SEARCH_USER_PATHS = NO;
				CLANG_ANALYZER_NONNULL = YES;
				CLANG_ANALYZER_NUMBER_OBJECT_CONVERSION = YES_AGGRESSIVE;
				CLANG_CXX_LANGUAGE_STANDARD = "gnu++14";
				CLANG_CXX_LIBRARY = "libc++";
				CLANG_ENABLE_MODULES = YES;
				CLANG_ENABLE_OBJC_ARC = YES;
				CLANG_ENABLE_OBJC_WEAK = YES;
				CLANG_WARN_BLOCK_CAPTURE_AUTORELEASING = YES;
				CLANG_WARN_BOOL_CONVERSION = YES;
				CLANG_WARN_COMMA = YES;
				CLANG_WARN_CONSTANT_CONVERSION = YES;
				CLANG_WARN_DEPRECATED_OBJC_IMPLEMENTATIONS = YES;
				CLANG_WARN_DIRECT_OBJC_ISA_USAGE = YES_ERROR;
				CLANG_WARN_DOCUMENTATION_COMMENTS = YES;
				CLANG_WARN_EMPTY_BODY = YES;
				CLANG_WARN_ENUM_CONVERSION = YES;
				CLANG_WARN_INFINITE_RECURSION = YES;
				CLANG_WARN_INT_CONVERSION = YES;
				CLANG_WARN_NON_LITERAL_NULL_CONVERSION = YES;
				CLANG_WARN_OBJC_IMPLICIT_RETAIN_SELF = YES;
				CLANG_WARN_OBJC_LITERAL_CONVERSION = YES;
				CLANG_WARN_OBJC_ROOT_CLASS = YES_ERROR;
				CLANG_WARN_RANGE_LOOP_ANALYSIS = YES;
				CLANG_WARN_STRICT_PROTOTYPES = YES;
				CLANG_WARN_SUSPICIOUS_MOVE = YES;
				CLANG_WARN_UNGUARDED_AVAILABILITY = YES_AGGRESSIVE;
				CLANG_WARN_UNREACHABLE_CODE = YES;
				CLANG_WARN__DUPLICATE_METHOD_MATCH = YES;
				COPY_PHASE_STRIP = NO;
				DEBUG_INFORMATION_FORMAT = "dwarf-with-dsym";
				ENABLE_NS_ASSERTIONS = NO;
				ENABLE_STRICT_OBJC_MSGSEND = YES;
				GCC_C_LANGUAGE_STANDARD = gnu11;
				GCC_NO_COMMON_BLOCKS = YES;
				GCC_WARN_64_TO_32_BIT_CONVERSION = YES;
				GCC_WARN_ABOUT_RETURN_TYPE = YES_ERROR;
				GCC_WARN_UNDECLARED_SELECTOR = YES;
				GCC_WARN_UNINITIALIZED_AUTOS = YES_AGGRESSIVE;
				GCC_WARN_UNUSED_FUNCTION = YES;
				GCC_WARN_UNUSED_VARIABLE = YES;
				IPHONEOS_DEPLOYMENT_TARGET = 13.2;
				MTL_ENABLE_DEBUG_INFO = NO;
				MTL_FAST_MATH = YES;
				SDKROOT = iphoneos;
				SWIFT_COMPILATION_MODE = wholemodule;
				SWIFT_OPTIMIZATION_LEVEL = "-O";
				VALIDATE_PRODUCT = YES;
			};
			name = Release;
		};
		D2B0C8CC2408292C0050B244 /* Debug */ = {
			isa = XCBuildConfiguration;
			buildSettings = {
				ASSETCATALOG_COMPILER_APPICON_NAME = AppIcon;
				CODE_SIGN_STYLE = Automatic;
				DEVELOPMENT_TEAM = RQX448Y8LY;
				INFOPLIST_FILE = PhotoGallery/Info.plist;
				LD_RUNPATH_SEARCH_PATHS = (
					"$(inherited)",
					"@executable_path/Frameworks",
				);
				PRODUCT_BUNDLE_IDENTIFIER = com.kadinmesriani.PhotoGallery;
				PRODUCT_NAME = "$(TARGET_NAME)";
				SWIFT_VERSION = 5.0;
				TARGETED_DEVICE_FAMILY = "1,2";
			};
			name = Debug;
		};
		D2B0C8CD2408292C0050B244 /* Release */ = {
			isa = XCBuildConfiguration;
			buildSettings = {
				ASSETCATALOG_COMPILER_APPICON_NAME = AppIcon;
				CODE_SIGN_STYLE = Automatic;
				DEVELOPMENT_TEAM = RQX448Y8LY;
				INFOPLIST_FILE = PhotoGallery/Info.plist;
				LD_RUNPATH_SEARCH_PATHS = (
					"$(inherited)",
					"@executable_path/Frameworks",
				);
				PRODUCT_BUNDLE_IDENTIFIER = com.kadinmesriani.PhotoGallery;
				PRODUCT_NAME = "$(TARGET_NAME)";
				SWIFT_VERSION = 5.0;
				TARGETED_DEVICE_FAMILY = "1,2";
			};
			name = Release;
		};
		D2B0C8CF2408292C0050B244 /* Debug */ = {
			isa = XCBuildConfiguration;
			buildSettings = {
				ALWAYS_EMBED_SWIFT_STANDARD_LIBRARIES = YES;
				BUNDLE_LOADER = "$(TEST_HOST)";
				CODE_SIGN_STYLE = Automatic;
				INFOPLIST_FILE = PhotoGalleryTests/Info.plist;
				IPHONEOS_DEPLOYMENT_TARGET = 13.2;
				LD_RUNPATH_SEARCH_PATHS = (
					"$(inherited)",
					"@executable_path/Frameworks",
					"@loader_path/Frameworks",
				);
				PRODUCT_BUNDLE_IDENTIFIER = com.kadinmesriani.PhotoGalleryTests;
				PRODUCT_NAME = "$(TARGET_NAME)";
				SWIFT_VERSION = 5.0;
				TARGETED_DEVICE_FAMILY = "1,2";
				TEST_HOST = "$(BUILT_PRODUCTS_DIR)/PhotoGallery.app/PhotoGallery";
			};
			name = Debug;
		};
		D2B0C8D02408292C0050B244 /* Release */ = {
			isa = XCBuildConfiguration;
			buildSettings = {
				ALWAYS_EMBED_SWIFT_STANDARD_LIBRARIES = YES;
				BUNDLE_LOADER = "$(TEST_HOST)";
				CODE_SIGN_STYLE = Automatic;
				INFOPLIST_FILE = PhotoGalleryTests/Info.plist;
				IPHONEOS_DEPLOYMENT_TARGET = 13.2;
				LD_RUNPATH_SEARCH_PATHS = (
					"$(inherited)",
					"@executable_path/Frameworks",
					"@loader_path/Frameworks",
				);
				PRODUCT_BUNDLE_IDENTIFIER = com.kadinmesriani.PhotoGalleryTests;
				PRODUCT_NAME = "$(TARGET_NAME)";
				SWIFT_VERSION = 5.0;
				TARGETED_DEVICE_FAMILY = "1,2";
				TEST_HOST = "$(BUILT_PRODUCTS_DIR)/PhotoGallery.app/PhotoGallery";
			};
			name = Release;
		};
		D2B0C8D22408292C0050B244 /* Debug */ = {
			isa = XCBuildConfiguration;
			buildSettings = {
				ALWAYS_EMBED_SWIFT_STANDARD_LIBRARIES = YES;
				CODE_SIGN_STYLE = Automatic;
				INFOPLIST_FILE = PhotoGalleryUITests/Info.plist;
				LD_RUNPATH_SEARCH_PATHS = (
					"$(inherited)",
					"@executable_path/Frameworks",
					"@loader_path/Frameworks",
				);
				PRODUCT_BUNDLE_IDENTIFIER = com.kadinmesriani.PhotoGalleryUITests;
				PRODUCT_NAME = "$(TARGET_NAME)";
				SWIFT_VERSION = 5.0;
				TARGETED_DEVICE_FAMILY = "1,2";
				TEST_TARGET_NAME = PhotoGallery;
			};
			name = Debug;
		};
		D2B0C8D32408292C0050B244 /* Release */ = {
			isa = XCBuildConfiguration;
			buildSettings = {
				ALWAYS_EMBED_SWIFT_STANDARD_LIBRARIES = YES;
				CODE_SIGN_STYLE = Automatic;
				INFOPLIST_FILE = PhotoGalleryUITests/Info.plist;
				LD_RUNPATH_SEARCH_PATHS = (
					"$(inherited)",
					"@executable_path/Frameworks",
					"@loader_path/Frameworks",
				);
				PRODUCT_BUNDLE_IDENTIFIER = com.kadinmesriani.PhotoGalleryUITests;
				PRODUCT_NAME = "$(TARGET_NAME)";
				SWIFT_VERSION = 5.0;
				TARGETED_DEVICE_FAMILY = "1,2";
				TEST_TARGET_NAME = PhotoGallery;
			};
			name = Release;
		};
/* End XCBuildConfiguration section */

/* Begin XCConfigurationList section */
		D2B0C89C2408292B0050B244 /* Build configuration list for PBXProject "PhotoGallery" */ = {
			isa = XCConfigurationList;
			buildConfigurations = (
				D2B0C8C92408292C0050B244 /* Debug */,
				D2B0C8CA2408292C0050B244 /* Release */,
			);
			defaultConfigurationIsVisible = 0;
			defaultConfigurationName = Release;
		};
		D2B0C8CB2408292C0050B244 /* Build configuration list for PBXNativeTarget "PhotoGallery" */ = {
			isa = XCConfigurationList;
			buildConfigurations = (
				D2B0C8CC2408292C0050B244 /* Debug */,
				D2B0C8CD2408292C0050B244 /* Release */,
			);
			defaultConfigurationIsVisible = 0;
			defaultConfigurationName = Release;
		};
		D2B0C8CE2408292C0050B244 /* Build configuration list for PBXNativeTarget "PhotoGalleryTests" */ = {
			isa = XCConfigurationList;
			buildConfigurations = (
				D2B0C8CF2408292C0050B244 /* Debug */,
				D2B0C8D02408292C0050B244 /* Release */,
			);
			defaultConfigurationIsVisible = 0;
			defaultConfigurationName = Release;
		};
		D2B0C8D12408292C0050B244 /* Build configuration list for PBXNativeTarget "PhotoGalleryUITests" */ = {
			isa = XCConfigurationList;
			buildConfigurations = (
				D2B0C8D22408292C0050B244 /* Debug */,
				D2B0C8D32408292C0050B244 /* Release */,
			);
			defaultConfigurationIsVisible = 0;
			defaultConfigurationName = Release;
		};
/* End XCConfigurationList section */
	};
	rootObject = D2B0C8992408292B0050B244 /* Project object */;
}
